
Microsoft Visual Studio Solution File, Format Version 12.00
# Visual Studio Version 17
VisualStudioVersion = 17.8.34227.203
MinimumVisualStudioVersion = 10.0.40219.1
Project("{9A19103F-16F7-4668-BE54-9A1E7A4F7556}") = "ToDoListMVC", "ToDoListMVC\ToDoListMVC.csproj", "{0F56B847-4A88-4B32-907F-8D45D9DBDEAB}"
EndProject
Project("{9A19103F-16F7-4668-BE54-9A1E7A4F7556}") = "ToDoList.Core", "ToDoList.Core\ToDoList.Core.csproj", "{D44969AE-D071-458C-AEE1-7EB11A97E4AA}"
EndProject
Global
	GlobalSection(SolutionConfigurationPlatforms) = preSolution
		Debug|Any CPU = Debug|Any CPU
		Release|Any CPU = Release|Any CPU
	EndGlobalSection
	GlobalSection(ProjectConfigurationPlatforms) = postSolution
		{0F56B847-4A88-4B32-907F-8D45D9DBDEAB}.Debug|Any CPU.ActiveCfg = Debug|Any CPU
		{0F56B847-4A88-4B32-907F-8D45D9DBDEAB}.Debug|Any CPU.Build.0 = Debug|Any CPU
		{0F56B847-4A88-4B32-907F-8D45D9DBDEAB}.Release|Any CPU.ActiveCfg = Release|Any CPU
		{0F56B847-4A88-4B32-907F-8D45D9DBDEAB}.Release|Any CPU.Build.0 = Release|Any CPU
		{D44969AE-D071-458C-AEE1-7EB11A97E4AA}.Debug|Any CPU.ActiveCfg = Debug|Any CPU
		{D44969AE-D071-458C-AEE1-7EB11A97E4AA}.Debug|Any CPU.Build.0 = Debug|Any CPU
		{D44969AE-D071-458C-AEE1-7EB11A97E4AA}.Release|Any CPU.ActiveCfg = Release|Any CPU
		{D44969AE-D071-458C-AEE1-7EB11A97E4AA}.Release|Any CPU.Build.0 = Release|Any CPU
	EndGlobalSection
	GlobalSection(SolutionProperties) = preSolution
		HideSolutionNode = FALSE
	EndGlobalSection
	GlobalSection(ExtensibilityGlobals) = postSolution
		SolutionGuid = {BE43D041-BDD8-41BB-843E-D9B78C758A47}
	EndGlobalSection
EndGlobal
